// !$*UTF8*$!
{
	archiveVersion = 1;
	classes = {
	};
	objectVersion = 55;
	objects = {

/* Begin PBXBuildFile section */
		A8EFA14D285A32F200384290 /* PhotoGalleryViewController.swift in Sources */ = {isa = PBXBuildFile; fileRef = A8EFA14C285A32F200384290 /* PhotoGalleryViewController.swift */; };
		A8EFA14F285A399E00384290 /* RemindersViewController.swift in Sources */ = {isa = PBXBuildFile; fileRef = A8EFA14E285A399E00384290 /* RemindersViewController.swift */; };
		A8EFA151285A3A2000384290 /* SymptomsLogViewController.swift in Sources */ = {isa = PBXBuildFile; fileRef = A8EFA150285A3A2000384290 /* SymptomsLogViewController.swift */; };
		A8EFA153285A3ABE00384290 /* MyAccountViewController.swift in Sources */ = {isa = PBXBuildFile; fileRef = A8EFA152285A3ABE00384290 /* MyAccountViewController.swift */; };
		A8EFA155285A427200384290 /* UserLoginViewController.swift in Sources */ = {isa = PBXBuildFile; fileRef = A8EFA154285A427200384290 /* UserLoginViewController.swift */; };
		A8EFA157285A42CA00384290 /* FullNameViewController.swift in Sources */ = {isa = PBXBuildFile; fileRef = A8EFA156285A42CA00384290 /* FullNameViewController.swift */; };
		A8EFA159285A430C00384290 /* AgeViewController.swift in Sources */ = {isa = PBXBuildFile; fileRef = A8EFA158285A430C00384290 /* AgeViewController.swift */; };
		A8EFA15B285A434F00384290 /* MedicationViewController.swift in Sources */ = {isa = PBXBuildFile; fileRef = A8EFA15A285A434F00384290 /* MedicationViewController.swift */; };
		A8EFA15D285A437E00384290 /* DosageViewController.swift in Sources */ = {isa = PBXBuildFile; fileRef = A8EFA15C285A437E00384290 /* DosageViewController.swift */; };
		A8EFA15F285A43B900384290 /* DosePeriodViewController.swift in Sources */ = {isa = PBXBuildFile; fileRef = A8EFA15E285A43B900384290 /* DosePeriodViewController.swift */; };
		ECD6043C2859044B00499BFF /* AppDelegate.swift in Sources */ = {isa = PBXBuildFile; fileRef = ECD6043B2859044B00499BFF /* AppDelegate.swift */; };
		ECD6043E2859044B00499BFF /* SceneDelegate.swift in Sources */ = {isa = PBXBuildFile; fileRef = ECD6043D2859044B00499BFF /* SceneDelegate.swift */; };
		ECD604402859044B00499BFF /* ViewController.swift in Sources */ = {isa = PBXBuildFile; fileRef = ECD6043F2859044B00499BFF /* ViewController.swift */; };
		ECD604432859044B00499BFF /* Main.storyboard in Resources */ = {isa = PBXBuildFile; fileRef = ECD604412859044B00499BFF /* Main.storyboard */; };
		ECD604462859044B00499BFF /* Final_Project.xcdatamodeld in Sources */ = {isa = PBXBuildFile; fileRef = ECD604442859044B00499BFF /* Final_Project.xcdatamodeld */; };
		ECD604482859044C00499BFF /* Assets.xcassets in Resources */ = {isa = PBXBuildFile; fileRef = ECD604472859044C00499BFF /* Assets.xcassets */; };
		ECD6044B2859044C00499BFF /* LaunchScreen.storyboard in Resources */ = {isa = PBXBuildFile; fileRef = ECD604492859044C00499BFF /* LaunchScreen.storyboard */; };
/* End PBXBuildFile section */

/* Begin PBXFileReference section */
		A8EFA14C285A32F200384290 /* PhotoGalleryViewController.swift */ = {isa = PBXFileReference; lastKnownFileType = sourcecode.swift; path = PhotoGalleryViewController.swift; sourceTree = "<group>"; };
		A8EFA14E285A399E00384290 /* RemindersViewController.swift */ = {isa = PBXFileReference; lastKnownFileType = sourcecode.swift; path = RemindersViewController.swift; sourceTree = "<group>"; };
		A8EFA150285A3A2000384290 /* SymptomsLogViewController.swift */ = {isa = PBXFileReference; lastKnownFileType = sourcecode.swift; path = SymptomsLogViewController.swift; sourceTree = "<group>"; };
		A8EFA152285A3ABE00384290 /* MyAccountViewController.swift */ = {isa = PBXFileReference; lastKnownFileType = sourcecode.swift; path = MyAccountViewController.swift; sourceTree = "<group>"; };
		A8EFA154285A427200384290 /* UserLoginViewController.swift */ = {isa = PBXFileReference; lastKnownFileType = sourcecode.swift; path = UserLoginViewController.swift; sourceTree = "<group>"; };
		A8EFA156285A42CA00384290 /* FullNameViewController.swift */ = {isa = PBXFileReference; lastKnownFileType = sourcecode.swift; path = FullNameViewController.swift; sourceTree = "<group>"; };
		A8EFA158285A430C00384290 /* AgeViewController.swift */ = {isa = PBXFileReference; lastKnownFileType = sourcecode.swift; path = AgeViewController.swift; sourceTree = "<group>"; };
		A8EFA15A285A434F00384290 /* MedicationViewController.swift */ = {isa = PBXFileReference; lastKnownFileType = sourcecode.swift; path = MedicationViewController.swift; sourceTree = "<group>"; };
		A8EFA15C285A437E00384290 /* DosageViewController.swift */ = {isa = PBXFileReference; lastKnownFileType = sourcecode.swift; path = DosageViewController.swift; sourceTree = "<group>"; };
		A8EFA15E285A43B900384290 /* DosePeriodViewController.swift */ = {isa = PBXFileReference; lastKnownFileType = sourcecode.swift; path = DosePeriodViewController.swift; sourceTree = "<group>"; };
		BD92B06D285A767A00FD9505 /* Final Project.entitlements */ = {isa = PBXFileReference; lastKnownFileType = text.plist.entitlements; path = "Final Project.entitlements"; sourceTree = "<group>"; };
		ECD604382859044B00499BFF /* Final Project.app */ = {isa = PBXFileReference; explicitFileType = wrapper.application; includeInIndex = 0; path = "Final Project.app"; sourceTree = BUILT_PRODUCTS_DIR; };
		ECD6043B2859044B00499BFF /* AppDelegate.swift */ = {isa = PBXFileReference; lastKnownFileType = sourcecode.swift; path = AppDelegate.swift; sourceTree = "<group>"; };
		ECD6043D2859044B00499BFF /* SceneDelegate.swift */ = {isa = PBXFileReference; lastKnownFileType = sourcecode.swift; path = SceneDelegate.swift; sourceTree = "<group>"; };
		ECD6043F2859044B00499BFF /* ViewController.swift */ = {isa = PBXFileReference; lastKnownFileType = sourcecode.swift; path = ViewController.swift; sourceTree = "<group>"; };
		ECD604422859044B00499BFF /* Base */ = {isa = PBXFileReference; lastKnownFileType = file.storyboard; name = Base; path = Base.lproj/Main.storyboard; sourceTree = "<group>"; };
		ECD604452859044B00499BFF /* Final_Project.xcdatamodel */ = {isa = PBXFileReference; lastKnownFileType = wrapper.xcdatamodel; path = Final_Project.xcdatamodel; sourceTree = "<group>"; };
		ECD604472859044C00499BFF /* Assets.xcassets */ = {isa = PBXFileReference; lastKnownFileType = folder.assetcatalog; path = Assets.xcassets; sourceTree = "<group>"; };
		ECD6044A2859044C00499BFF /* Base */ = {isa = PBXFileReference; lastKnownFileType = file.storyboard; name = Base; path = Base.lproj/LaunchScreen.storyboard; sourceTree = "<group>"; };
		ECD6044C2859044C00499BFF /* Info.plist */ = {isa = PBXFileReference; lastKnownFileType = text.plist.xml; path = Info.plist; sourceTree = "<group>"; };
/* End PBXFileReference section */

/* Begin PBXFrameworksBuildPhase section */
		ECD604352859044B00499BFF /* Frameworks */ = {
			isa = PBXFrameworksBuildPhase;
			buildActionMask = 2147483647;
			files = (
			);
			runOnlyForDeploymentPostprocessing = 0;
		};
/* End PBXFrameworksBuildPhase section */

/* Begin PBXGroup section */
		ECD6042F2859044B00499BFF = {
			isa = PBXGroup;
			children = (
				ECD6043A2859044B00499BFF /* Final Project */,
				ECD604392859044B00499BFF /* Products */,
			);
			sourceTree = "<group>";
		};
		ECD604392859044B00499BFF /* Products */ = {
			isa = PBXGroup;
			children = (
				ECD604382859044B00499BFF /* Final Project.app */,
			);
			name = Products;
			sourceTree = "<group>";
		};
		ECD6043A2859044B00499BFF /* Final Project */ = {
			isa = PBXGroup;
			children = (
				BD92B06D285A767A00FD9505 /* Final Project.entitlements */,
				ECD6043B2859044B00499BFF /* AppDelegate.swift */,
				ECD6043D2859044B00499BFF /* SceneDelegate.swift */,
				ECD6043F2859044B00499BFF /* ViewController.swift */,
				ECD604412859044B00499BFF /* Main.storyboard */,
				A8EFA156285A42CA00384290 /* FullNameViewController.swift */,
				A8EFA158285A430C00384290 /* AgeViewController.swift */,
				A8EFA15A285A434F00384290 /* MedicationViewController.swift */,
				A8EFA15C285A437E00384290 /* DosageViewController.swift */,
				A8EFA15E285A43B900384290 /* DosePeriodViewController.swift */,
				A8EFA154285A427200384290 /* UserLoginViewController.swift */,
				A8EFA152285A3ABE00384290 /* MyAccountViewController.swift */,
				A8EFA150285A3A2000384290 /* SymptomsLogViewController.swift */,
				A8EFA14E285A399E00384290 /* RemindersViewController.swift */,
				A8EFA14C285A32F200384290 /* PhotoGalleryViewController.swift */,
				ECD604472859044C00499BFF /* Assets.xcassets */,
				ECD604492859044C00499BFF /* LaunchScreen.storyboard */,
				ECD6044C2859044C00499BFF /* Info.plist */,
				ECD604442859044B00499BFF /* Final_Project.xcdatamodeld */,
			);
			path = "Final Project";
			sourceTree = "<group>";
		};
/* End PBXGroup section */

/* Begin PBXNativeTarget section */
		ECD604372859044B00499BFF /* Final Project */ = {
			isa = PBXNativeTarget;
			buildConfigurationList = ECD6044F2859044C00499BFF /* Build configuration list for PBXNativeTarget "Final Project" */;
			buildPhases = (
				ECD604342859044B00499BFF /* Sources */,
				ECD604352859044B00499BFF /* Frameworks */,
				ECD604362859044B00499BFF /* Resources */,
			);
			buildRules = (
			);
			dependencies = (
			);
			name = "Final Project";
			productName = "Final Project";
			productReference = ECD604382859044B00499BFF /* Final Project.app */;
			productType = "com.apple.product-type.application";
		};
/* End PBXNativeTarget section */

/* Begin PBXProject section */
		ECD604302859044B00499BFF /* Project object */ = {
			isa = PBXProject;
			attributes = {
				BuildIndependentTargetsInParallel = 1;
				LastSwiftUpdateCheck = 1340;
				LastUpgradeCheck = 1340;
				TargetAttributes = {
					ECD604372859044B00499BFF = {
						CreatedOnToolsVersion = 13.4.1;
					};
				};
			};
			buildConfigurationList = ECD604332859044B00499BFF /* Build configuration list for PBXProject "Final Project" */;
			compatibilityVersion = "Xcode 13.0";
			developmentRegion = en;
			hasScannedForEncodings = 0;
			knownRegions = (
				en,
				Base,
			);
			mainGroup = ECD6042F2859044B00499BFF;
			productRefGroup = ECD604392859044B00499BFF /* Products */;
			projectDirPath = "";
			projectRoot = "";
			targets = (
				ECD604372859044B00499BFF /* Final Project */,
			);
		};
/* End PBXProject section */

/* Begin PBXResourcesBuildPhase section */
		ECD604362859044B00499BFF /* Resources */ = {
			isa = PBXResourcesBuildPhase;
			buildActionMask = 2147483647;
			files = (
				ECD6044B2859044C00499BFF /* LaunchScreen.storyboard in Resources */,
				ECD604482859044C00499BFF /* Assets.xcassets in Resources */,
				ECD604432859044B00499BFF /* Main.storyboard in Resources */,
			);
			runOnlyForDeploymentPostprocessing = 0;
		};
/* End PBXResourcesBuildPhase section */

/* Begin PBXSourcesBuildPhase section */
		ECD604342859044B00499BFF /* Sources */ = {
			isa = PBXSourcesBuildPhase;
			buildActionMask = 2147483647;
			files = (
				A8EFA15F285A43B900384290 /* DosePeriodViewController.swift in Sources */,
				A8EFA151285A3A2000384290 /* SymptomsLogViewController.swift in Sources */,
				ECD604402859044B00499BFF /* ViewController.swift in Sources */,
				A8EFA153285A3ABE00384290 /* MyAccountViewController.swift in Sources */,
				ECD6043C2859044B00499BFF /* AppDelegate.swift in Sources */,
				A8EFA159285A430C00384290 /* AgeViewController.swift in Sources */,
				A8EFA15D285A437E00384290 /* DosageViewController.swift in Sources */,
				A8EFA14F285A399E00384290 /* RemindersViewController.swift in Sources */,
				ECD604462859044B00499BFF /* Final_Project.xcdatamodeld in Sources */,
				A8EFA155285A427200384290 /* UserLoginViewController.swift in Sources */,
				ECD6043E2859044B00499BFF /* SceneDelegate.swift in Sources */,
				A8EFA15B285A434F00384290 /* MedicationViewController.swift in Sources */,
				A8EFA157285A42CA00384290 /* FullNameViewController.swift in Sources */,
				A8EFA14D285A32F200384290 /* PhotoGalleryViewController.swift in Sources */,
			);
			runOnlyForDeploymentPostprocessing = 0;
		};
/* End PBXSourcesBuildPhase section */

/* Begin PBXVariantGroup section */
		ECD604412859044B00499BFF /* Main.storyboard */ = {
			isa = PBXVariantGroup;
			children = (
				ECD604422859044B00499BFF /* Base */,
			);
			name = Main.storyboard;
			sourceTree = "<group>";
		};
		ECD604492859044C00499BFF /* LaunchScreen.storyboard */ = {
			isa = PBXVariantGroup;
			children = (
				ECD6044A2859044C00499BFF /* Base */,
			);
			name = LaunchScreen.storyboard;
			sourceTree = "<group>";
		};
/* End PBXVariantGroup section */

/* Begin XCBuildConfiguration section */
		ECD6044D2859044C00499BFF /* Debug */ = {
			isa = XCBuildConfiguration;
			buildSettings = {
				ALWAYS_SEARCH_USER_PATHS = NO;
				CLANG_ANALYZER_NONNULL = YES;
				CLANG_ANALYZER_NUMBER_OBJECT_CONVERSION = YES_AGGRESSIVE;
				CLANG_CXX_LANGUAGE_STANDARD = "gnu++17";
				CLANG_ENABLE_MODULES = YES;
				CLANG_ENABLE_OBJC_ARC = YES;
				CLANG_ENABLE_OBJC_WEAK = YES;
				CLANG_WARN_BLOCK_CAPTURE_AUTORELEASING = YES;
				CLANG_WARN_BOOL_CONVERSION = YES;
				CLANG_WARN_COMMA = YES;
				CLANG_WARN_CONSTANT_CONVERSION = YES;
				CLANG_WARN_DEPRECATED_OBJC_IMPLEMENTATIONS = YES;
				CLANG_WARN_DIRECT_OBJC_ISA_USAGE = YES_ERROR;
				CLANG_WARN_DOCUMENTATION_COMMENTS = YES;
				CLANG_WARN_EMPTY_BODY = YES;
				CLANG_WARN_ENUM_CONVERSION = YES;
				CLANG_WARN_INFINITE_RECURSION = YES;
				CLANG_WARN_INT_CONVERSION = YES;
				CLANG_WARN_NON_LITERAL_NULL_CONVERSION = YES;
				CLANG_WARN_OBJC_IMPLICIT_RETAIN_SELF = YES;
				CLANG_WARN_OBJC_LITERAL_CONVERSION = YES;
				CLANG_WARN_OBJC_ROOT_CLASS = YES_ERROR;
				CLANG_WARN_QUOTED_INCLUDE_IN_FRAMEWORK_HEADER = YES;
				CLANG_WARN_RANGE_LOOP_ANALYSIS = YES;
				CLANG_WARN_STRICT_PROTOTYPES = YES;
				CLANG_WARN_SUSPICIOUS_MOVE = YES;
				CLANG_WARN_UNGUARDED_AVAILABILITY = YES_AGGRESSIVE;
				CLANG_WARN_UNREACHABLE_CODE = YES;
				CLANG_WARN__DUPLICATE_METHOD_MATCH = YES;
				COPY_PHASE_STRIP = NO;
				DEBUG_INFORMATION_FORMAT = dwarf;
				ENABLE_STRICT_OBJC_MSGSEND = YES;
				ENABLE_TESTABILITY = YES;
				GCC_C_LANGUAGE_STANDARD = gnu11;
				GCC_DYNAMIC_NO_PIC = NO;
				GCC_NO_COMMON_BLOCKS = YES;
				GCC_OPTIMIZATION_LEVEL = 0;
				GCC_PREPROCESSOR_DEFINITIONS = (
					"DEBUG=1",
					"$(inherited)",
				);
				GCC_WARN_64_TO_32_BIT_CONVERSION = YES;
				GCC_WARN_ABOUT_RETURN_TYPE = YES_ERROR;
				GCC_WARN_UNDECLARED_SELECTOR = YES;
				GCC_WARN_UNINITIALIZED_AUTOS = YES_AGGRESSIVE;
				GCC_WARN_UNUSED_FUNCTION = YES;
				GCC_WARN_UNUSED_VARIABLE = YES;
				IPHONEOS_DEPLOYMENT_TARGET = 15.5;
				MTL_ENABLE_DEBUG_INFO = INCLUDE_SOURCE;
				MTL_FAST_MATH = YES;
				ONLY_ACTIVE_ARCH = YES;
				SDKROOT = iphoneos;
				SWIFT_ACTIVE_COMPILATION_CONDITIONS = DEBUG;
				SWIFT_OPTIMIZATION_LEVEL = "-Onone";
			};
			name = Debug;
		};
		ECD6044E2859044C00499BFF /* Release */ = {
			isa = XCBuildConfiguration;
			buildSettings = {
				ALWAYS_SEARCH_USER_PATHS = NO;
				CLANG_ANALYZER_NONNULL = YES;
				CLANG_ANALYZER_NUMBER_OBJECT_CONVERSION = YES_AGGRESSIVE;
				CLANG_CXX_LANGUAGE_STANDARD = "gnu++17";
				CLANG_ENABLE_MODULES = YES;
				CLANG_ENABLE_OBJC_ARC = YES;
				CLANG_ENABLE_OBJC_WEAK = YES;
				CLANG_WARN_BLOCK_CAPTURE_AUTORELEASING = YES;
				CLANG_WARN_BOOL_CONVERSION = YES;
				CLANG_WARN_COMMA = YES;
				CLANG_WARN_CONSTANT_CONVERSION = YES;
				CLANG_WARN_DEPRECATED_OBJC_IMPLEMENTATIONS = YES;
				CLANG_WARN_DIRECT_OBJC_ISA_USAGE = YES_ERROR;
				CLANG_WARN_DOCUMENTATION_COMMENTS = YES;
				CLANG_WARN_EMPTY_BODY = YES;
				CLANG_WARN_ENUM_CONVERSION = YES;
				CLANG_WARN_INFINITE_RECURSION = YES;
				CLANG_WARN_INT_CONVERSION = YES;
				CLANG_WARN_NON_LITERAL_NULL_CONVERSION = YES;
				CLANG_WARN_OBJC_IMPLICIT_RETAIN_SELF = YES;
				CLANG_WARN_OBJC_LITERAL_CONVERSION = YES;
				CLANG_WARN_OBJC_ROOT_CLASS = YES_ERROR;
				CLANG_WARN_QUOTED_INCLUDE_IN_FRAMEWORK_HEADER = YES;
				CLANG_WARN_RANGE_LOOP_ANALYSIS = YES;
				CLANG_WARN_STRICT_PROTOTYPES = YES;
				CLANG_WARN_SUSPICIOUS_MOVE = YES;
				CLANG_WARN_UNGUARDED_AVAILABILITY = YES_AGGRESSIVE;
				CLANG_WARN_UNREACHABLE_CODE = YES;
				CLANG_WARN__DUPLICATE_METHOD_MATCH = YES;
				COPY_PHASE_STRIP = NO;
				DEBUG_INFORMATION_FORMAT = "dwarf-with-dsym";
				ENABLE_NS_ASSERTIONS = NO;
				ENABLE_STRICT_OBJC_MSGSEND = YES;
				GCC_C_LANGUAGE_STANDARD = gnu11;
				GCC_NO_COMMON_BLOCKS = YES;
				GCC_WARN_64_TO_32_BIT_CONVERSION = YES;
				GCC_WARN_ABOUT_RETURN_TYPE = YES_ERROR;
				GCC_WARN_UNDECLARED_SELECTOR = YES;
				GCC_WARN_UNINITIALIZED_AUTOS = YES_AGGRESSIVE;
				GCC_WARN_UNUSED_FUNCTION = YES;
				GCC_WARN_UNUSED_VARIABLE = YES;
				IPHONEOS_DEPLOYMENT_TARGET = 15.5;
				MTL_ENABLE_DEBUG_INFO = NO;
				MTL_FAST_MATH = YES;
				SDKROOT = iphoneos;
				SWIFT_COMPILATION_MODE = wholemodule;
				SWIFT_OPTIMIZATION_LEVEL = "-O";
				VALIDATE_PRODUCT = YES;
			};
			name = Release;
		};
		ECD604502859044C00499BFF /* Debug */ = {
			isa = XCBuildConfiguration;
			buildSettings = {
				ASSETCATALOG_COMPILER_APPICON_NAME = AppIcon;
				ASSETCATALOG_COMPILER_GLOBAL_ACCENT_COLOR_NAME = AccentColor;
				CODE_SIGN_ENTITLEMENTS = "Final Project/Final Project.entitlements";
				CODE_SIGN_STYLE = Automatic;
				CURRENT_PROJECT_VERSION = 1;
				GENERATE_INFOPLIST_FILE = YES;
				INFOPLIST_FILE = "Final Project/Info.plist";
				INFOPLIST_KEY_UIApplicationSupportsIndirectInputEvents = YES;
				INFOPLIST_KEY_UILaunchStoryboardName = LaunchScreen;
				INFOPLIST_KEY_UIMainStoryboardFile = Main;
				INFOPLIST_KEY_UISupportedInterfaceOrientations_iPad = "UIInterfaceOrientationPortrait UIInterfaceOrientationPortraitUpsideDown UIInterfaceOrientationLandscapeLeft UIInterfaceOrientationLandscapeRight";
				INFOPLIST_KEY_UISupportedInterfaceOrientations_iPhone = "UIInterfaceOrientationPortrait UIInterfaceOrientationLandscapeLeft UIInterfaceOrientationLandscapeRight";
				LD_RUNPATH_SEARCH_PATHS = (
					"$(inherited)",
					"@executable_path/Frameworks",
				);
				MARKETING_VERSION = 1.0;
				PRODUCT_BUNDLE_IDENTIFIER = "Sophia-Zhao.Final-Project";
				PRODUCT_NAME = "$(TARGET_NAME)";
				SWIFT_EMIT_LOC_STRINGS = YES;
				SWIFT_VERSION = 5.0;
				TARGETED_DEVICE_FAMILY = "1,2";
			};
			name = Debug;
		};
		ECD604512859044C00499BFF /* Release */ = {
			isa = XCBuildConfiguration;
			buildSettings = {
				ASSETCATALOG_COMPILER_APPICON_NAME = AppIcon;
				ASSETCATALOG_COMPILER_GLOBAL_ACCENT_COLOR_NAME = AccentColor;
				CODE_SIGN_ENTITLEMENTS = "Final Project/Final Project.entitlements";
				CODE_SIGN_STYLE = Automatic;
				CURRENT_PROJECT_VERSION = 1;
				GENERATE_INFOPLIST_FILE = YES;
				INFOPLIST_FILE = "Final Project/Info.plist";
				INFOPLIST_KEY_UIApplicationSupportsIndirectInputEvents = YES;
				INFOPLIST_KEY_UILaunchStoryboardName = LaunchScreen;
				INFOPLIST_KEY_UIMainStoryboardFile = Main;
				INFOPLIST_KEY_UISupportedInterfaceOrientations_iPad = "UIInterfaceOrientationPortrait UIInterfaceOrientationPortraitUpsideDown UIInterfaceOrientationLandscapeLeft UIInterfaceOrientationLandscapeRight";
				INFOPLIST_KEY_UISupportedInterfaceOrientations_iPhone = "UIInterfaceOrientationPortrait UIInterfaceOrientationLandscapeLeft UIInterfaceOrientationLandscapeRight";
				LD_RUNPATH_SEARCH_PATHS = (
					"$(inherited)",
					"@executable_path/Frameworks",
				);
				MARKETING_VERSION = 1.0;
				PRODUCT_BUNDLE_IDENTIFIER = "Sophia-Zhao.Final-Project";
				PRODUCT_NAME = "$(TARGET_NAME)";
				SWIFT_EMIT_LOC_STRINGS = YES;
				SWIFT_VERSION = 5.0;
				TARGETED_DEVICE_FAMILY = "1,2";
			};
			name = Release;
		};
/* End XCBuildConfiguration section */

/* Begin XCConfigurationList section */
		ECD604332859044B00499BFF /* Build configuration list for PBXProject "Final Project" */ = {
			isa = XCConfigurationList;
			buildConfigurations = (
				ECD6044D2859044C00499BFF /* Debug */,
				ECD6044E2859044C00499BFF /* Release */,
			);
			defaultConfigurationIsVisible = 0;
			defaultConfigurationName = Release;
		};
		ECD6044F2859044C00499BFF /* Build configuration list for PBXNativeTarget "Final Project" */ = {
			isa = XCConfigurationList;
			buildConfigurations = (
				ECD604502859044C00499BFF /* Debug */,
				ECD604512859044C00499BFF /* Release */,
			);
			defaultConfigurationIsVisible = 0;
			defaultConfigurationName = Release;
		};
/* End XCConfigurationList section */

/* Begin XCVersionGroup section */
		ECD604442859044B00499BFF /* Final_Project.xcdatamodeld */ = {
			isa = XCVersionGroup;
			children = (
				ECD604452859044B00499BFF /* Final_Project.xcdatamodel */,
			);
			currentVersion = ECD604452859044B00499BFF /* Final_Project.xcdatamodel */;
			path = Final_Project.xcdatamodeld;
			sourceTree = "<group>";
			versionGroupType = wrapper.xcdatamodel;
		};
/* End XCVersionGroup section */
	};
	rootObject = ECD604302859044B00499BFF /* Project object */;
}
